
Microsoft Visual Studio Solution File, Format Version 12.00
# Visual Studio Version 17
VisualStudioVersion = 17.3.32519.111
MinimumVisualStudioVersion = 10.0.40219.1
Project("{FAE04EC0-301F-11D3-BF4B-00C04F79EFBC}") = "Aula11-Atribuicao", "Aula11-Atribuicao\Aula11-Atribuicao.csproj", "{FBE58D74-DD66-4905-85F4-61187F6E0F8E}"
EndProject
Global
	GlobalSection(SolutionConfigurationPlatforms) = preSolution
		Debug|Any CPU = Debug|Any CPU
		Release|Any CPU = Release|Any CPU
	EndGlobalSection
	GlobalSection(ProjectConfigurationPlatforms) = postSolution
		{FBE58D74-DD66-4905-85F4-61187F6E0F8E}.Debug|Any CPU.ActiveCfg = Debug|Any CPU
		{FBE58D74-DD66-4905-85F4-61187F6E0F8E}.Debug|Any CPU.Build.0 = Debug|Any CPU
		{FBE58D74-DD66-4905-85F4-61187F6E0F8E}.Release|Any CPU.ActiveCfg = Release|Any CPU
		{FBE58D74-DD66-4905-85F4-61187F6E0F8E}.Release|Any CPU.Build.0 = Release|Any CPU
	EndGlobalSection
	GlobalSection(SolutionProperties) = preSolution
		HideSolutionNode = FALSE
	EndGlobalSection
	GlobalSection(ExtensibilityGlobals) = postSolution
		SolutionGuid = {228F9E88-91B9-4B23-AE73-3E238F0B1AE7}
	EndGlobalSection
EndGlobal
